
Microsoft Visual Studio Solution File, Format Version 12.00
# Visual Studio Version 17
VisualStudioVersion = 17.8.34322.80
MinimumVisualStudioVersion = 10.0.40219.1
Project("{FAE04EC0-301F-11D3-BF4B-00C04F79EFBC}") = "ConsoleApp1", "ConsoleApp1\ConsoleApp1.csproj", "{3804BB32-7824-4492-8E1C-CF7D9A1992EC}"
EndProject
Global
	GlobalSection(SolutionConfigurationPlatforms) = preSolution
		Debug|Any CPU = Debug|Any CPU
		Release|Any CPU = Release|Any CPU
	EndGlobalSection
	GlobalSection(ProjectConfigurationPlatforms) = postSolution
		{3804BB32-7824-4492-8E1C-CF7D9A1992EC}.Debug|Any CPU.ActiveCfg = Debug|Any CPU
		{3804BB32-7824-4492-8E1C-CF7D9A1992EC}.Debug|Any CPU.Build.0 = Debug|Any CPU
		{3804BB32-7824-4492-8E1C-CF7D9A1992EC}.Release|Any CPU.ActiveCfg = Release|Any CPU
		{3804BB32-7824-4492-8E1C-CF7D9A1992EC}.Release|Any CPU.Build.0 = Release|Any CPU
	EndGlobalSection
	GlobalSection(SolutionProperties) = preSolution
		HideSolutionNode = FALSE
	EndGlobalSection
	GlobalSection(ExtensibilityGlobals) = postSolution
		SolutionGuid = {F31B26DD-7D74-462A-A584-750A311DA0E3}
	EndGlobalSection
EndGlobal
